
Microsoft Visual Studio Solution File, Format Version 12.00
# Visual Studio Version 17
VisualStudioVersion = 17.5.002.0
MinimumVisualStudioVersion = 10.0.40219.1
Project("{9A19103F-16F7-4668-BE54-9A1E7A4F7556}") = "RoleExample.AppHost", "RoleExample.AppHost.csproj", "{370C609C-10EA-4BC0-BCF9-3617557A22CE}"
EndProject
Global
	GlobalSection(SolutionConfigurationPlatforms) = preSolution
		Debug|Any CPU = Debug|Any CPU
		Release|Any CPU = Release|Any CPU
	EndGlobalSection
	GlobalSection(ProjectConfigurationPlatforms) = postSolution
		{370C609C-10EA-4BC0-BCF9-3617557A22CE}.Debug|Any CPU.ActiveCfg = Debug|Any CPU
		{370C609C-10EA-4BC0-BCF9-3617557A22CE}.Debug|Any CPU.Build.0 = Debug|Any CPU
		{370C609C-10EA-4BC0-BCF9-3617557A22CE}.Release|Any CPU.ActiveCfg = Release|Any CPU
		{370C609C-10EA-4BC0-BCF9-3617557A22CE}.Release|Any CPU.Build.0 = Release|Any CPU
	EndGlobalSection
	GlobalSection(SolutionProperties) = preSolution
		HideSolutionNode = FALSE
	EndGlobalSection
	GlobalSection(ExtensibilityGlobals) = postSolution
		SolutionGuid = {FF480F36-8441-4EDB-BE64-3444149C8336}
	EndGlobalSection
EndGlobal
